<Solution>
  <Project Path="src/EsilvaSoft.SlopStudio.Core/EsilvaSoft.SlopStudio.Core.csproj" />
  <Project Path="src/EsilvaSoft.SlopStudio.Autocomplete.Core/EsilvaSoft.SlopStudio.Autocomplete.Core.csproj" />
  <Project Path="src/EsilvaSoft.SlopStudio.LocalAi.Core/EsilvaSoft.SlopStudio.LocalAi.Core.csproj" />
  <Project Path="src/EsilvaSoft.SlopStudio.Application/EsilvaSoft.SlopStudio.Application.csproj" />
  <Project Path="src/EsilvaSoft.SlopStudio.Infrastructure/EsilvaSoft.SlopStudio.Infrastructure.csproj" />
  <Project Path="src/EsilvaSoft.SlopStudio.Infrastructure.LocalAi/EsilvaSoft.SlopStudio.Infrastructure.LocalAi.csproj" />
  <Project Path="src/EsilvaSoft.SlopStudio.Desktop/EsilvaSoft.SlopStudio.Desktop.csproj" />
  <Project Path="tests/EsilvaSoft.SlopStudio.UnitTests/EsilvaSoft.SlopStudio.UnitTests.csproj" />
  <Project Path="tests/EsilvaSoft.SlopStudio.Benchmarks/EsilvaSoft.SlopStudio.Benchmarks.csproj" />
</Solution>
